// !$*UTF8*$!
{
	archiveVersion = 1;
	classes = {
	};
	objectVersion = 52;
	objects = {

/* Begin PBXBuildFile section */
		525E8D5823D8D55B0039212F /* StoredCell.swift in Sources */ = {isa = PBXBuildFile; fileRef = 525E8D5723D8D55B0039212F /* StoredCell.swift */; };
		525E8D5A23D8D5770039212F /* SearchViewStoredModel.swift in Sources */ = {isa = PBXBuildFile; fileRef = 525E8D5923D8D5770039212F /* SearchViewStoredModel.swift */; };
		5287AA9523D36685008DCBC8 /* SDWebImage in Frameworks */ = {isa = PBXBuildFile; productRef = 5287AA9423D36685008DCBC8 /* SDWebImage */; };
		5287AA9823D3679E008DCBC8 /* FeatureList.swift in Sources */ = {isa = PBXBuildFile; fileRef = 5287AA9723D3679E008DCBC8 /* FeatureList.swift */; };
		5287AA9A23D367A9008DCBC8 /* FeatureList.plist in Resources */ = {isa = PBXBuildFile; fileRef = 5287AA9923D367A9008DCBC8 /* FeatureList.plist */; };
		5287AA9C23D36C53008DCBC8 /* SearchFooterView.swift in Sources */ = {isa = PBXBuildFile; fileRef = 5287AA9B23D36C53008DCBC8 /* SearchFooterView.swift */; };
		5287AA9E23D3815D008DCBC8 /* TrackDetailView.xib in Resources */ = {isa = PBXBuildFile; fileRef = 5287AA9D23D3815D008DCBC8 /* TrackDetailView.xib */; };
		5287AAA023D38165008DCBC8 /* TrackDetailView.swift in Sources */ = {isa = PBXBuildFile; fileRef = 5287AA9F23D38164008DCBC8 /* TrackDetailView.swift */; };
		5287AAA223D4B188008DCBC8 /* CMTime + Extension.swift in Sources */ = {isa = PBXBuildFile; fileRef = 5287AAA123D4B188008DCBC8 /* CMTime + Extension.swift */; };
		5287AAA423D4C578008DCBC8 /* Nib.swift in Sources */ = {isa = PBXBuildFile; fileRef = 5287AAA323D4C578008DCBC8 /* Nib.swift */; };
		52D1470223D771A6001ADCAF /* Library.swift in Sources */ = {isa = PBXBuildFile; fileRef = 52D1470123D771A6001ADCAF /* Library.swift */; };
		52D1470423D795B6001ADCAF /* UserDefaults.swift in Sources */ = {isa = PBXBuildFile; fileRef = 52D1470323D795B6001ADCAF /* UserDefaults.swift */; };
		52D1470723D79D3E001ADCAF /* URLImage in Frameworks */ = {isa = PBXBuildFile; productRef = 52D1470623D79D3E001ADCAF /* URLImage */; };
		52FD961D23D1E45100931739 /* AppDelegate.swift in Sources */ = {isa = PBXBuildFile; fileRef = 52FD961C23D1E45100931739 /* AppDelegate.swift */; };
		52FD961F23D1E45100931739 /* SceneDelegate.swift in Sources */ = {isa = PBXBuildFile; fileRef = 52FD961E23D1E45100931739 /* SceneDelegate.swift */; };
		52FD962623D1E45300931739 /* Assets.xcassets in Resources */ = {isa = PBXBuildFile; fileRef = 52FD962523D1E45300931739 /* Assets.xcassets */; };
		52FD963323D1E7DD00931739 /* MainTabBarController.swift in Sources */ = {isa = PBXBuildFile; fileRef = 52FD963223D1E7DD00931739 /* MainTabBarController.swift */; };
		52FD963523D1E90100931739 /* LaunchScreen.storyboard in Resources */ = {isa = PBXBuildFile; fileRef = 52FD963423D1E90100931739 /* LaunchScreen.storyboard */; };
		52FD963A23D1FE2400931739 /* TrackModel.swift in Sources */ = {isa = PBXBuildFile; fileRef = 52FD963923D1FE2400931739 /* TrackModel.swift */; };
		52FD963D23D2051600931739 /* Alamofire in Frameworks */ = {isa = PBXBuildFile; productRef = 52FD963C23D2051600931739 /* Alamofire */; };
		52FD963F23D208CE00931739 /* SearchResponse.swift in Sources */ = {isa = PBXBuildFile; fileRef = 52FD963E23D208CE00931739 /* SearchResponse.swift */; };
		52FD964223D2266900931739 /* NetworkService.swift in Sources */ = {isa = PBXBuildFile; fileRef = 52FD964123D2266900931739 /* NetworkService.swift */; };
		52FD964A23D22DB400931739 /* SearchPresenter.swift in Sources */ = {isa = PBXBuildFile; fileRef = 52FD964423D22DB400931739 /* SearchPresenter.swift */; };
		52FD964C23D22DB400931739 /* SearchRouter.swift in Sources */ = {isa = PBXBuildFile; fileRef = 52FD964623D22DB400931739 /* SearchRouter.swift */; };
		52FD964D23D22DB400931739 /* SearchModels.swift in Sources */ = {isa = PBXBuildFile; fileRef = 52FD964723D22DB400931739 /* SearchModels.swift */; };
		52FD964E23D22DB400931739 /* SearchViewController.swift in Sources */ = {isa = PBXBuildFile; fileRef = 52FD964823D22DB400931739 /* SearchViewController.swift */; };
		52FD964F23D22DB400931739 /* SearchInteractor.swift in Sources */ = {isa = PBXBuildFile; fileRef = 52FD964923D22DB400931739 /* SearchInteractor.swift */; };
		52FD965123D2354200931739 /* SearchViewController.storyboard in Resources */ = {isa = PBXBuildFile; fileRef = 52FD965023D2354200931739 /* SearchViewController.storyboard */; };
		52FD965423D2388900931739 /* UIViewController + Storyboard.swift in Sources */ = {isa = PBXBuildFile; fileRef = 52FD965323D2388900931739 /* UIViewController + Storyboard.swift */; };
		52FD965723D250C700931739 /* TrackCell.swift in Sources */ = {isa = PBXBuildFile; fileRef = 52FD965623D250C700931739 /* TrackCell.swift */; };
		52FD965923D250D900931739 /* TrackCell.xib in Resources */ = {isa = PBXBuildFile; fileRef = 52FD965823D250D900931739 /* TrackCell.xib */; };
/* End PBXBuildFile section */

/* Begin PBXFileReference section */
		525E8D5723D8D55B0039212F /* StoredCell.swift */ = {isa = PBXFileReference; lastKnownFileType = sourcecode.swift; path = StoredCell.swift; sourceTree = "<group>"; };
		525E8D5923D8D5770039212F /* SearchViewStoredModel.swift */ = {isa = PBXFileReference; lastKnownFileType = sourcecode.swift; path = SearchViewStoredModel.swift; sourceTree = "<group>"; };
		5287AA9723D3679E008DCBC8 /* FeatureList.swift */ = {isa = PBXFileReference; lastKnownFileType = sourcecode.swift; path = FeatureList.swift; sourceTree = "<group>"; };
		5287AA9923D367A9008DCBC8 /* FeatureList.plist */ = {isa = PBXFileReference; lastKnownFileType = text.plist.xml; path = FeatureList.plist; sourceTree = "<group>"; };
		5287AA9B23D36C53008DCBC8 /* SearchFooterView.swift */ = {isa = PBXFileReference; lastKnownFileType = sourcecode.swift; path = SearchFooterView.swift; sourceTree = "<group>"; };
		5287AA9D23D3815D008DCBC8 /* TrackDetailView.xib */ = {isa = PBXFileReference; lastKnownFileType = file.xib; path = TrackDetailView.xib; sourceTree = "<group>"; };
		5287AA9F23D38164008DCBC8 /* TrackDetailView.swift */ = {isa = PBXFileReference; lastKnownFileType = sourcecode.swift; path = TrackDetailView.swift; sourceTree = "<group>"; };
		5287AAA123D4B188008DCBC8 /* CMTime + Extension.swift */ = {isa = PBXFileReference; lastKnownFileType = sourcecode.swift; path = "CMTime + Extension.swift"; sourceTree = "<group>"; };
		5287AAA323D4C578008DCBC8 /* Nib.swift */ = {isa = PBXFileReference; lastKnownFileType = sourcecode.swift; path = Nib.swift; sourceTree = "<group>"; };
		52D1470123D771A6001ADCAF /* Library.swift */ = {isa = PBXFileReference; lastKnownFileType = sourcecode.swift; path = Library.swift; sourceTree = "<group>"; };
		52D1470323D795B6001ADCAF /* UserDefaults.swift */ = {isa = PBXFileReference; lastKnownFileType = sourcecode.swift; path = UserDefaults.swift; sourceTree = "<group>"; };
		52FD961923D1E45100931739 /* MusicApp.app */ = {isa = PBXFileReference; explicitFileType = wrapper.application; includeInIndex = 0; path = MusicApp.app; sourceTree = BUILT_PRODUCTS_DIR; };
		52FD961C23D1E45100931739 /* AppDelegate.swift */ = {isa = PBXFileReference; lastKnownFileType = sourcecode.swift; path = AppDelegate.swift; sourceTree = "<group>"; };
		52FD961E23D1E45100931739 /* SceneDelegate.swift */ = {isa = PBXFileReference; lastKnownFileType = sourcecode.swift; path = SceneDelegate.swift; sourceTree = "<group>"; };
		52FD962523D1E45300931739 /* Assets.xcassets */ = {isa = PBXFileReference; lastKnownFileType = folder.assetcatalog; path = Assets.xcassets; sourceTree = "<group>"; };
		52FD962A23D1E45300931739 /* Info.plist */ = {isa = PBXFileReference; lastKnownFileType = text.plist.xml; name = Info.plist; path = ../Info.plist; sourceTree = "<group>"; };
		52FD963223D1E7DD00931739 /* MainTabBarController.swift */ = {isa = PBXFileReference; lastKnownFileType = sourcecode.swift; path = MainTabBarController.swift; sourceTree = "<group>"; };
		52FD963423D1E90100931739 /* LaunchScreen.storyboard */ = {isa = PBXFileReference; fileEncoding = 4; lastKnownFileType = file.storyboard; path = LaunchScreen.storyboard; sourceTree = "<group>"; };
		52FD963923D1FE2400931739 /* TrackModel.swift */ = {isa = PBXFileReference; lastKnownFileType = sourcecode.swift; path = TrackModel.swift; sourceTree = "<group>"; };
		52FD963E23D208CE00931739 /* SearchResponse.swift */ = {isa = PBXFileReference; lastKnownFileType = sourcecode.swift; path = SearchResponse.swift; sourceTree = "<group>"; };
		52FD964123D2266900931739 /* NetworkService.swift */ = {isa = PBXFileReference; lastKnownFileType = sourcecode.swift; path = NetworkService.swift; sourceTree = "<group>"; };
		52FD964423D22DB400931739 /* SearchPresenter.swift */ = {isa = PBXFileReference; lastKnownFileType = sourcecode.swift; path = SearchPresenter.swift; sourceTree = "<group>"; };
		52FD964623D22DB400931739 /* SearchRouter.swift */ = {isa = PBXFileReference; lastKnownFileType = sourcecode.swift; path = SearchRouter.swift; sourceTree = "<group>"; };
		52FD964723D22DB400931739 /* SearchModels.swift */ = {isa = PBXFileReference; lastKnownFileType = sourcecode.swift; path = SearchModels.swift; sourceTree = "<group>"; };
		52FD964823D22DB400931739 /* SearchViewController.swift */ = {isa = PBXFileReference; lastKnownFileType = sourcecode.swift; path = SearchViewController.swift; sourceTree = "<group>"; };
		52FD964923D22DB400931739 /* SearchInteractor.swift */ = {isa = PBXFileReference; lastKnownFileType = sourcecode.swift; path = SearchInteractor.swift; sourceTree = "<group>"; };
		52FD965023D2354200931739 /* SearchViewController.storyboard */ = {isa = PBXFileReference; lastKnownFileType = file.storyboard; path = SearchViewController.storyboard; sourceTree = "<group>"; };
		52FD965323D2388900931739 /* UIViewController + Storyboard.swift */ = {isa = PBXFileReference; lastKnownFileType = sourcecode.swift; path = "UIViewController + Storyboard.swift"; sourceTree = "<group>"; };
		52FD965623D250C700931739 /* TrackCell.swift */ = {isa = PBXFileReference; lastKnownFileType = sourcecode.swift; path = TrackCell.swift; sourceTree = "<group>"; };
		52FD965823D250D900931739 /* TrackCell.xib */ = {isa = PBXFileReference; lastKnownFileType = file.xib; path = TrackCell.xib; sourceTree = "<group>"; };
/* End PBXFileReference section */

/* Begin PBXFrameworksBuildPhase section */
		52FD961623D1E45100931739 /* Frameworks */ = {
			isa = PBXFrameworksBuildPhase;
			buildActionMask = 2147483647;
			files = (
				5287AA9523D36685008DCBC8 /* SDWebImage in Frameworks */,
				52D1470723D79D3E001ADCAF /* URLImage in Frameworks */,
				52FD963D23D2051600931739 /* Alamofire in Frameworks */,
			);
			runOnlyForDeploymentPostprocessing = 0;
		};
/* End PBXFrameworksBuildPhase section */

/* Begin PBXGroup section */
		5287AA9623D3678A008DCBC8 /* FeatureFlags */ = {
			isa = PBXGroup;
			children = (
				5287AA9723D3679E008DCBC8 /* FeatureList.swift */,
				5287AA9923D367A9008DCBC8 /* FeatureList.plist */,
			);
			path = FeatureFlags;
			sourceTree = "<group>";
		};
		52D1470023D7718E001ADCAF /* Library */ = {
			isa = PBXGroup;
			children = (
				52D1470123D771A6001ADCAF /* Library.swift */,
			);
			path = Library;
			sourceTree = "<group>";
		};
		52FD961023D1E45100931739 = {
			isa = PBXGroup;
			children = (
				52FD961B23D1E45100931739 /* MusicApp */,
				52FD961A23D1E45100931739 /* Products */,
			);
			sourceTree = "<group>";
		};
		52FD961A23D1E45100931739 /* Products */ = {
			isa = PBXGroup;
			children = (
				52FD961923D1E45100931739 /* MusicApp.app */,
			);
			name = Products;
			sourceTree = "<group>";
		};
		52FD961B23D1E45100931739 /* MusicApp */ = {
			isa = PBXGroup;
			children = (
				52FD964023D2265800931739 /* Services */,
				52FD963823D1FE1A00931739 /* Models */,
				52FD963123D1E7CD00931739 /* MainTabBar */,
				52FD963023D1E7BB00931739 /* Environment */,
				52D1470023D7718E001ADCAF /* Library */,
				52FD964323D22D9E00931739 /* Search */,
				52FD965223D2387300931739 /* Helpers */,
			);
			path = MusicApp;
			sourceTree = "<group>";
		};
		52FD963023D1E7BB00931739 /* Environment */ = {
			isa = PBXGroup;
			children = (
				52FD961C23D1E45100931739 /* AppDelegate.swift */,
				52FD963423D1E90100931739 /* LaunchScreen.storyboard */,
				52FD961E23D1E45100931739 /* SceneDelegate.swift */,
				52FD962523D1E45300931739 /* Assets.xcassets */,
				52FD962A23D1E45300931739 /* Info.plist */,
			);
			path = Environment;
			sourceTree = "<group>";
		};
		52FD963123D1E7CD00931739 /* MainTabBar */ = {
			isa = PBXGroup;
			children = (
				52FD963223D1E7DD00931739 /* MainTabBarController.swift */,
			);
			path = MainTabBar;
			sourceTree = "<group>";
		};
		52FD963823D1FE1A00931739 /* Models */ = {
			isa = PBXGroup;
			children = (
				52FD963E23D208CE00931739 /* SearchResponse.swift */,
				525E8D5923D8D5770039212F /* SearchViewStoredModel.swift */,
				525E8D5723D8D55B0039212F /* StoredCell.swift */,
				52FD963923D1FE2400931739 /* TrackModel.swift */,
			);
			path = Models;
			sourceTree = "<group>";
		};
		52FD964023D2265800931739 /* Services */ = {
			isa = PBXGroup;
			children = (
				52FD964123D2266900931739 /* NetworkService.swift */,
				5287AA9623D3678A008DCBC8 /* FeatureFlags */,
			);
			path = Services;
			sourceTree = "<group>";
		};
		52FD964323D22D9E00931739 /* Search */ = {
			isa = PBXGroup;
			children = (
				52FD964823D22DB400931739 /* SearchViewController.swift */,
				52FD965023D2354200931739 /* SearchViewController.storyboard */,
				52FD964423D22DB400931739 /* SearchPresenter.swift */,
				52FD964923D22DB400931739 /* SearchInteractor.swift */,
				52FD964723D22DB400931739 /* SearchModels.swift */,
				52FD964623D22DB400931739 /* SearchRouter.swift */,
				52FD965523D250B200931739 /* Common */,
			);
			path = Search;
			sourceTree = "<group>";
		};
		52FD965223D2387300931739 /* Helpers */ = {
			isa = PBXGroup;
			children = (
				52FD965323D2388900931739 /* UIViewController + Storyboard.swift */,
				5287AAA123D4B188008DCBC8 /* CMTime + Extension.swift */,
				5287AAA323D4C578008DCBC8 /* Nib.swift */,
				52D1470323D795B6001ADCAF /* UserDefaults.swift */,
			);
			path = Helpers;
			sourceTree = "<group>";
		};
		52FD965523D250B200931739 /* Common */ = {
			isa = PBXGroup;
			children = (
				52FD965623D250C700931739 /* TrackCell.swift */,
				52FD965823D250D900931739 /* TrackCell.xib */,
				5287AA9B23D36C53008DCBC8 /* SearchFooterView.swift */,
				5287AA9D23D3815D008DCBC8 /* TrackDetailView.xib */,
				5287AA9F23D38164008DCBC8 /* TrackDetailView.swift */,
			);
			path = Common;
			sourceTree = "<group>";
		};
/* End PBXGroup section */

/* Begin PBXNativeTarget section */
		52FD961823D1E45100931739 /* MusicApp */ = {
			isa = PBXNativeTarget;
			buildConfigurationList = 52FD962D23D1E45300931739 /* Build configuration list for PBXNativeTarget "MusicApp" */;
			buildPhases = (
				52FD961523D1E45100931739 /* Sources */,
				52FD961623D1E45100931739 /* Frameworks */,
				52FD961723D1E45100931739 /* Resources */,
			);
			buildRules = (
			);
			dependencies = (
			);
			name = MusicApp;
			packageProductDependencies = (
				52FD963C23D2051600931739 /* Alamofire */,
				5287AA9423D36685008DCBC8 /* SDWebImage */,
				52D1470623D79D3E001ADCAF /* URLImage */,
			);
			productName = MusicApp;
			productReference = 52FD961923D1E45100931739 /* MusicApp.app */;
			productType = "com.apple.product-type.application";
		};
/* End PBXNativeTarget section */

/* Begin PBXProject section */
		52FD961123D1E45100931739 /* Project object */ = {
			isa = PBXProject;
			attributes = {
				LastSwiftUpdateCheck = 1130;
				LastUpgradeCheck = 1130;
				ORGANIZATIONNAME = "Stanly Shiyanovskiy";
				TargetAttributes = {
					52FD961823D1E45100931739 = {
						CreatedOnToolsVersion = 11.3;
					};
				};
			};
			buildConfigurationList = 52FD961423D1E45100931739 /* Build configuration list for PBXProject "MusicApp" */;
			compatibilityVersion = "Xcode 9.3";
			developmentRegion = en;
			hasScannedForEncodings = 0;
			knownRegions = (
				en,
				Base,
			);
			mainGroup = 52FD961023D1E45100931739;
			packageReferences = (
				52FD963B23D2051600931739 /* XCRemoteSwiftPackageReference "Alamofire" */,
				5287AA9323D36685008DCBC8 /* XCRemoteSwiftPackageReference "SDWebImage" */,
				52D1470523D79D3E001ADCAF /* XCRemoteSwiftPackageReference "url-image" */,
			);
			productRefGroup = 52FD961A23D1E45100931739 /* Products */;
			projectDirPath = "";
			projectRoot = "";
			targets = (
				52FD961823D1E45100931739 /* MusicApp */,
			);
		};
/* End PBXProject section */

/* Begin PBXResourcesBuildPhase section */
		52FD961723D1E45100931739 /* Resources */ = {
			isa = PBXResourcesBuildPhase;
			buildActionMask = 2147483647;
			files = (
				52FD962623D1E45300931739 /* Assets.xcassets in Resources */,
				5287AA9E23D3815D008DCBC8 /* TrackDetailView.xib in Resources */,
				52FD963523D1E90100931739 /* LaunchScreen.storyboard in Resources */,
				5287AA9A23D367A9008DCBC8 /* FeatureList.plist in Resources */,
				52FD965123D2354200931739 /* SearchViewController.storyboard in Resources */,
				52FD965923D250D900931739 /* TrackCell.xib in Resources */,
			);
			runOnlyForDeploymentPostprocessing = 0;
		};
/* End PBXResourcesBuildPhase section */

/* Begin PBXSourcesBuildPhase section */
		52FD961523D1E45100931739 /* Sources */ = {
			isa = PBXSourcesBuildPhase;
			buildActionMask = 2147483647;
			files = (
				5287AA9C23D36C53008DCBC8 /* SearchFooterView.swift in Sources */,
				5287AAA423D4C578008DCBC8 /* Nib.swift in Sources */,
				52FD961D23D1E45100931739 /* AppDelegate.swift in Sources */,
				52FD965423D2388900931739 /* UIViewController + Storyboard.swift in Sources */,
				52FD961F23D1E45100931739 /* SceneDelegate.swift in Sources */,
				52FD963F23D208CE00931739 /* SearchResponse.swift in Sources */,
				5287AA9823D3679E008DCBC8 /* FeatureList.swift in Sources */,
				52FD964F23D22DB400931739 /* SearchInteractor.swift in Sources */,
				52D1470223D771A6001ADCAF /* Library.swift in Sources */,
				525E8D5A23D8D5770039212F /* SearchViewStoredModel.swift in Sources */,
				525E8D5823D8D55B0039212F /* StoredCell.swift in Sources */,
				52FD965723D250C700931739 /* TrackCell.swift in Sources */,
				5287AAA223D4B188008DCBC8 /* CMTime + Extension.swift in Sources */,
				5287AAA023D38165008DCBC8 /* TrackDetailView.swift in Sources */,
				52FD963A23D1FE2400931739 /* TrackModel.swift in Sources */,
				52D1470423D795B6001ADCAF /* UserDefaults.swift in Sources */,
				52FD964E23D22DB400931739 /* SearchViewController.swift in Sources */,
				52FD964C23D22DB400931739 /* SearchRouter.swift in Sources */,
				52FD964D23D22DB400931739 /* SearchModels.swift in Sources */,
				52FD963323D1E7DD00931739 /* MainTabBarController.swift in Sources */,
				52FD964A23D22DB400931739 /* SearchPresenter.swift in Sources */,
				52FD964223D2266900931739 /* NetworkService.swift in Sources */,
			);
			runOnlyForDeploymentPostprocessing = 0;
		};
/* End PBXSourcesBuildPhase section */

/* Begin XCBuildConfiguration section */
		52FD962B23D1E45300931739 /* Debug */ = {
			isa = XCBuildConfiguration;
			buildSettings = {
				ALWAYS_SEARCH_USER_PATHS = NO;
				CLANG_ANALYZER_NONNULL = YES;
				CLANG_ANALYZER_NUMBER_OBJECT_CONVERSION = YES_AGGRESSIVE;
				CLANG_CXX_LANGUAGE_STANDARD = "gnu++14";
				CLANG_CXX_LIBRARY = "libc++";
				CLANG_ENABLE_MODULES = YES;
				CLANG_ENABLE_OBJC_ARC = YES;
				CLANG_ENABLE_OBJC_WEAK = YES;
				CLANG_WARN_BLOCK_CAPTURE_AUTORELEASING = YES;
				CLANG_WARN_BOOL_CONVERSION = YES;
				CLANG_WARN_COMMA = YES;
				CLANG_WARN_CONSTANT_CONVERSION = YES;
				CLANG_WARN_DEPRECATED_OBJC_IMPLEMENTATIONS = YES;
				CLANG_WARN_DIRECT_OBJC_ISA_USAGE = YES_ERROR;
				CLANG_WARN_DOCUMENTATION_COMMENTS = YES;
				CLANG_WARN_EMPTY_BODY = YES;
				CLANG_WARN_ENUM_CONVERSION = YES;
				CLANG_WARN_INFINITE_RECURSION = YES;
				CLANG_WARN_INT_CONVERSION = YES;
				CLANG_WARN_NON_LITERAL_NULL_CONVERSION = YES;
				CLANG_WARN_OBJC_IMPLICIT_RETAIN_SELF = YES;
				CLANG_WARN_OBJC_LITERAL_CONVERSION = YES;
				CLANG_WARN_OBJC_ROOT_CLASS = YES_ERROR;
				CLANG_WARN_RANGE_LOOP_ANALYSIS = YES;
				CLANG_WARN_STRICT_PROTOTYPES = YES;
				CLANG_WARN_SUSPICIOUS_MOVE = YES;
				CLANG_WARN_UNGUARDED_AVAILABILITY = YES_AGGRESSIVE;
				CLANG_WARN_UNREACHABLE_CODE = YES;
				CLANG_WARN__DUPLICATE_METHOD_MATCH = YES;
				COPY_PHASE_STRIP = NO;
				DEBUG_INFORMATION_FORMAT = dwarf;
				ENABLE_STRICT_OBJC_MSGSEND = YES;
				ENABLE_TESTABILITY = YES;
				GCC_C_LANGUAGE_STANDARD = gnu11;
				GCC_DYNAMIC_NO_PIC = NO;
				GCC_NO_COMMON_BLOCKS = YES;
				GCC_OPTIMIZATION_LEVEL = 0;
				GCC_PREPROCESSOR_DEFINITIONS = (
					"DEBUG=1",
					"$(inherited)",
				);
				GCC_WARN_64_TO_32_BIT_CONVERSION = YES;
				GCC_WARN_ABOUT_RETURN_TYPE = YES_ERROR;
				GCC_WARN_UNDECLARED_SELECTOR = YES;
				GCC_WARN_UNINITIALIZED_AUTOS = YES_AGGRESSIVE;
				GCC_WARN_UNUSED_FUNCTION = YES;
				GCC_WARN_UNUSED_VARIABLE = YES;
				IPHONEOS_DEPLOYMENT_TARGET = 13.2;
				MTL_ENABLE_DEBUG_INFO = INCLUDE_SOURCE;
				MTL_FAST_MATH = YES;
				ONLY_ACTIVE_ARCH = YES;
				SDKROOT = iphoneos;
				SWIFT_ACTIVE_COMPILATION_CONDITIONS = DEBUG;
				SWIFT_OPTIMIZATION_LEVEL = "-Onone";
			};
			name = Debug;
		};
		52FD962C23D1E45300931739 /* Release */ = {
			isa = XCBuildConfiguration;
			buildSettings = {
				ALWAYS_SEARCH_USER_PATHS = NO;
				CLANG_ANALYZER_NONNULL = YES;
				CLANG_ANALYZER_NUMBER_OBJECT_CONVERSION = YES_AGGRESSIVE;
				CLANG_CXX_LANGUAGE_STANDARD = "gnu++14";
				CLANG_CXX_LIBRARY = "libc++";
				CLANG_ENABLE_MODULES = YES;
				CLANG_ENABLE_OBJC_ARC = YES;
				CLANG_ENABLE_OBJC_WEAK = YES;
				CLANG_WARN_BLOCK_CAPTURE_AUTORELEASING = YES;
				CLANG_WARN_BOOL_CONVERSION = YES;
				CLANG_WARN_COMMA = YES;
				CLANG_WARN_CONSTANT_CONVERSION = YES;
				CLANG_WARN_DEPRECATED_OBJC_IMPLEMENTATIONS = YES;
				CLANG_WARN_DIRECT_OBJC_ISA_USAGE = YES_ERROR;
				CLANG_WARN_DOCUMENTATION_COMMENTS = YES;
				CLANG_WARN_EMPTY_BODY = YES;
				CLANG_WARN_ENUM_CONVERSION = YES;
				CLANG_WARN_INFINITE_RECURSION = YES;
				CLANG_WARN_INT_CONVERSION = YES;
				CLANG_WARN_NON_LITERAL_NULL_CONVERSION = YES;
				CLANG_WARN_OBJC_IMPLICIT_RETAIN_SELF = YES;
				CLANG_WARN_OBJC_LITERAL_CONVERSION = YES;
				CLANG_WARN_OBJC_ROOT_CLASS = YES_ERROR;
				CLANG_WARN_RANGE_LOOP_ANALYSIS = YES;
				CLANG_WARN_STRICT_PROTOTYPES = YES;
				CLANG_WARN_SUSPICIOUS_MOVE = YES;
				CLANG_WARN_UNGUARDED_AVAILABILITY = YES_AGGRESSIVE;
				CLANG_WARN_UNREACHABLE_CODE = YES;
				CLANG_WARN__DUPLICATE_METHOD_MATCH = YES;
				COPY_PHASE_STRIP = NO;
				DEBUG_INFORMATION_FORMAT = "dwarf-with-dsym";
				ENABLE_NS_ASSERTIONS = NO;
				ENABLE_STRICT_OBJC_MSGSEND = YES;
				GCC_C_LANGUAGE_STANDARD = gnu11;
				GCC_NO_COMMON_BLOCKS = YES;
				GCC_WARN_64_TO_32_BIT_CONVERSION = YES;
				GCC_WARN_ABOUT_RETURN_TYPE = YES_ERROR;
				GCC_WARN_UNDECLARED_SELECTOR = YES;
				GCC_WARN_UNINITIALIZED_AUTOS = YES_AGGRESSIVE;
				GCC_WARN_UNUSED_FUNCTION = YES;
				GCC_WARN_UNUSED_VARIABLE = YES;
				IPHONEOS_DEPLOYMENT_TARGET = 13.2;
				MTL_ENABLE_DEBUG_INFO = NO;
				MTL_FAST_MATH = YES;
				SDKROOT = iphoneos;
				SWIFT_COMPILATION_MODE = wholemodule;
				SWIFT_OPTIMIZATION_LEVEL = "-O";
				VALIDATE_PRODUCT = YES;
			};
			name = Release;
		};
		52FD962E23D1E45300931739 /* Debug */ = {
			isa = XCBuildConfiguration;
			buildSettings = {
				ASSETCATALOG_COMPILER_APPICON_NAME = AppIcon;
				CODE_SIGN_STYLE = Automatic;
				DEVELOPMENT_TEAM = 3PTYV272Z4;
				INFOPLIST_FILE = MusicApp/Info.plist;
				LD_RUNPATH_SEARCH_PATHS = (
					"$(inherited)",
					"@executable_path/Frameworks",
				);
				PRODUCT_BUNDLE_IDENTIFIER = ua.com.kr.ssh.MusicApp;
				PRODUCT_NAME = "$(TARGET_NAME)";
				SWIFT_VERSION = 5.0;
				TARGETED_DEVICE_FAMILY = 1;
			};
			name = Debug;
		};
		52FD962F23D1E45300931739 /* Release */ = {
			isa = XCBuildConfiguration;
			buildSettings = {
				ASSETCATALOG_COMPILER_APPICON_NAME = AppIcon;
				CODE_SIGN_STYLE = Automatic;
				DEVELOPMENT_TEAM = 3PTYV272Z4;
				INFOPLIST_FILE = MusicApp/Info.plist;
				LD_RUNPATH_SEARCH_PATHS = (
					"$(inherited)",
					"@executable_path/Frameworks",
				);
				PRODUCT_BUNDLE_IDENTIFIER = ua.com.kr.ssh.MusicApp;
				PRODUCT_NAME = "$(TARGET_NAME)";
				SWIFT_VERSION = 5.0;
				TARGETED_DEVICE_FAMILY = 1;
			};
			name = Release;
		};
/* End XCBuildConfiguration section */

/* Begin XCConfigurationList section */
		52FD961423D1E45100931739 /* Build configuration list for PBXProject "MusicApp" */ = {
			isa = XCConfigurationList;
			buildConfigurations = (
				52FD962B23D1E45300931739 /* Debug */,
				52FD962C23D1E45300931739 /* Release */,
			);
			defaultConfigurationIsVisible = 0;
			defaultConfigurationName = Release;
		};
		52FD962D23D1E45300931739 /* Build configuration list for PBXNativeTarget "MusicApp" */ = {
			isa = XCConfigurationList;
			buildConfigurations = (
				52FD962E23D1E45300931739 /* Debug */,
				52FD962F23D1E45300931739 /* Release */,
			);
			defaultConfigurationIsVisible = 0;
			defaultConfigurationName = Release;
		};
/* End XCConfigurationList section */

/* Begin XCRemoteSwiftPackageReference section */
		5287AA9323D36685008DCBC8 /* XCRemoteSwiftPackageReference "SDWebImage" */ = {
			isa = XCRemoteSwiftPackageReference;
			repositoryURL = "https://github.com/SDWebImage/SDWebImage.git";
			requirement = {
				kind = upToNextMajorVersion;
				minimumVersion = 5.5.1;
			};
		};
		52D1470523D79D3E001ADCAF /* XCRemoteSwiftPackageReference "url-image" */ = {
			isa = XCRemoteSwiftPackageReference;
			repositoryURL = "https://github.com/dmytro-anokhin/url-image.git";
			requirement = {
				kind = upToNextMajorVersion;
				minimumVersion = 0.9.9;
			};
		};
		52FD963B23D2051600931739 /* XCRemoteSwiftPackageReference "Alamofire" */ = {
			isa = XCRemoteSwiftPackageReference;
			repositoryURL = "https://github.com/Alamofire/Alamofire.git";
			requirement = {
				branch = "5.0.0-rc.3";
				kind = branch;
			};
		};
/* End XCRemoteSwiftPackageReference section */

/* Begin XCSwiftPackageProductDependency section */
		5287AA9423D36685008DCBC8 /* SDWebImage */ = {
			isa = XCSwiftPackageProductDependency;
			package = 5287AA9323D36685008DCBC8 /* XCRemoteSwiftPackageReference "SDWebImage" */;
			productName = SDWebImage;
		};
		52D1470623D79D3E001ADCAF /* URLImage */ = {
			isa = XCSwiftPackageProductDependency;
			package = 52D1470523D79D3E001ADCAF /* XCRemoteSwiftPackageReference "url-image" */;
			productName = URLImage;
		};
		52FD963C23D2051600931739 /* Alamofire */ = {
			isa = XCSwiftPackageProductDependency;
			package = 52FD963B23D2051600931739 /* XCRemoteSwiftPackageReference "Alamofire" */;
			productName = Alamofire;
		};
/* End XCSwiftPackageProductDependency section */
	};
	rootObject = 52FD961123D1E45100931739 /* Project object */;
}
